
Microsoft Visual Studio Solution File, Format Version 12.00
# Visual Studio Version 17
VisualStudioVersion = 17.0.32112.339
MinimumVisualStudioVersion = 10.0.40219.1
Project("{778DAE3C-4631-46EA-AA77-85C1314464D9}") = "TestExcelOps", "ExcelOpsTest\TestExcelOps.vbproj", "{9B2BA697-B7FF-4E0A-A6D8-40A21C824F6E}"
EndProject
Project("{778DAE3C-4631-46EA-AA77-85C1314464D9}") = "ExcelOps", "ExcelOps\ExcelOps.vbproj", "{5ECF9B24-1E8A-47E3-9C52-7EDA6345B562}"
EndProject
Project("{9A19103F-16F7-4668-BE54-9A1E7A4F7556}") = "EPPlus45-FixCalcsEdition.MultiTarget", "Epplus-FixCalcsEdition\EPPlus\EPPlus45-FixCalcsEdition.MultiTarget.csproj", "{BE4A6343-F411-44A3-8D6F-F40747ED7BA5}"
EndProject
Project("{778DAE3C-4631-46EA-AA77-85C1314464D9}") = "CM.Data.EpplusFreeFixCalcsEdition", "CM.Data.EpplusFixCalcsEdition\CM.Data.EpplusFreeFixCalcsEdition.vbproj", "{14DA1292-0D02-452E-9518-18496AB59231}"
EndProject
Project("{2150E333-8FDC-42A3-9474-1A3956D46DE8}") = "Solution Items", "Solution Items", "{2DB8DAF8-BAB2-4A5B-A538-36B5F7257C82}"
	ProjectSection(SolutionItems) = preProject
		.editorconfig = .editorconfig
	EndProjectSection
EndProject
Project("{778DAE3C-4631-46EA-AA77-85C1314464D9}") = "ExcelOps-FreeSpireXls", "ExcelOps-FreeSpireXls\ExcelOps-FreeSpireXls.vbproj", "{10E9FEF2-C5AD-4834-B0CA-5CA8F27023CD}"
EndProject
Project("{778DAE3C-4631-46EA-AA77-85C1314464D9}") = "ExcelOps-EpplusFreeFixCalcsEdition", "ExcelOps-EpplusFreeFixCalcsEdition\ExcelOps-EpplusFreeFixCalcsEdition.vbproj", "{F8812B31-ADA2-4F8A-BABE-68D74A2FD857}"
EndProject
Project("{778DAE3C-4631-46EA-AA77-85C1314464D9}") = "ExcelOps-MicrosoftExcel", "ExcelOps-MicrosoftExcel\ExcelOps-MicrosoftExcel.vbproj", "{C22C6695-AE00-4325-ACB7-07A9997197F7}"
EndProject
Project("{778DAE3C-4631-46EA-AA77-85C1314464D9}") = "ExcelOps-Tools-MsAndEpplusFreeFixCalcsEdition", "ExcelOps-Tools-MsAndEpplusFreeFixCalcsEdition\ExcelOps-Tools-MsAndEpplusFreeFixCalcsEdition.vbproj", "{FE45F938-6967-4F84-832B-236D62306EBF}"
EndProject
Project("{778DAE3C-4631-46EA-AA77-85C1314464D9}") = "ExcelOps-EpplusPolyformEdition", "ExcelOps-EpplusPolyform\ExcelOps-EpplusPolyformEdition.vbproj", "{69F872DA-F9B6-49E2-B0A6-540446E3B0B0}"
EndProject
Project("{778DAE3C-4631-46EA-AA77-85C1314464D9}") = "CM.Data.EpplusPolyformEdition", "CM.Data.EpplusPolyformEdition\CM.Data.EpplusPolyformEdition.vbproj", "{EDC2CFFA-E52A-4B0E-822D-B9E47F56F327}"
EndProject
Project("{778DAE3C-4631-46EA-AA77-85C1314464D9}") = "CompuMaster.MsExcelComInterop", "MsExcelComInterop\CompuMaster.MsExcelComInterop.vbproj", "{8D586DA6-16DC-45DA-B317-837843168AB3}"
EndProject
Project("{778DAE3C-4631-46EA-AA77-85C1314464D9}") = "CompuMaster.MsExcelComInteropTest", "MsExcelComInteropTest\CompuMaster.MsExcelComInteropTest.vbproj", "{D90332E5-DD87-4370-830E-EB86272D9EF0}"
EndProject
Project("{9A19103F-16F7-4668-BE54-9A1E7A4F7556}") = "TestAndDemoExcelOps", "TestAndDemoExcelOps\TestAndDemoExcelOps.csproj", "{CDC856C0-C4DA-4E02-B8ED-F3A2D37FEFF0}"
EndProject
Global
	GlobalSection(SolutionConfigurationPlatforms) = preSolution
		CI_CD|Any CPU = CI_CD|Any CPU
		CI_CD|x64 = CI_CD|x64
		CI_CD|x86 = CI_CD|x86
		Debug|Any CPU = Debug|Any CPU
		Debug|x64 = Debug|x64
		Debug|x86 = Debug|x86
		Release|Any CPU = Release|Any CPU
		Release|x64 = Release|x64
		Release|x86 = Release|x86
	EndGlobalSection
	GlobalSection(ProjectConfigurationPlatforms) = postSolution
		{9B2BA697-B7FF-4E0A-A6D8-40A21C824F6E}.CI_CD|Any CPU.ActiveCfg = CI_CD|Any CPU
		{9B2BA697-B7FF-4E0A-A6D8-40A21C824F6E}.CI_CD|Any CPU.Build.0 = CI_CD|Any CPU
		{9B2BA697-B7FF-4E0A-A6D8-40A21C824F6E}.CI_CD|x64.ActiveCfg = Release PROD|x64
		{9B2BA697-B7FF-4E0A-A6D8-40A21C824F6E}.CI_CD|x64.Build.0 = Release PROD|x64
		{9B2BA697-B7FF-4E0A-A6D8-40A21C824F6E}.CI_CD|x86.ActiveCfg = Release PROD|x86
		{9B2BA697-B7FF-4E0A-A6D8-40A21C824F6E}.CI_CD|x86.Build.0 = Release PROD|x86
		{9B2BA697-B7FF-4E0A-A6D8-40A21C824F6E}.Debug|Any CPU.ActiveCfg = Debug|Any CPU
		{9B2BA697-B7FF-4E0A-A6D8-40A21C824F6E}.Debug|Any CPU.Build.0 = Debug|Any CPU
		{9B2BA697-B7FF-4E0A-A6D8-40A21C824F6E}.Debug|x64.ActiveCfg = Debug TEST|x64
		{9B2BA697-B7FF-4E0A-A6D8-40A21C824F6E}.Debug|x64.Build.0 = Debug TEST|x64
		{9B2BA697-B7FF-4E0A-A6D8-40A21C824F6E}.Debug|x86.ActiveCfg = Debug TEST|x86
		{9B2BA697-B7FF-4E0A-A6D8-40A21C824F6E}.Debug|x86.Build.0 = Debug TEST|x86
		{9B2BA697-B7FF-4E0A-A6D8-40A21C824F6E}.Release|Any CPU.ActiveCfg = Debug|Any CPU
		{9B2BA697-B7FF-4E0A-A6D8-40A21C824F6E}.Release|x64.ActiveCfg = Release PROD|x64
		{9B2BA697-B7FF-4E0A-A6D8-40A21C824F6E}.Release|x64.Build.0 = Release PROD|x64
		{9B2BA697-B7FF-4E0A-A6D8-40A21C824F6E}.Release|x86.ActiveCfg = Release PROD|x86
		{9B2BA697-B7FF-4E0A-A6D8-40A21C824F6E}.Release|x86.Build.0 = Release PROD|x86
		{5ECF9B24-1E8A-47E3-9C52-7EDA6345B562}.CI_CD|Any CPU.ActiveCfg = Debug|Any CPU
		{5ECF9B24-1E8A-47E3-9C52-7EDA6345B562}.CI_CD|Any CPU.Build.0 = Debug|Any CPU
		{5ECF9B24-1E8A-47E3-9C52-7EDA6345B562}.CI_CD|x64.ActiveCfg = Release|Any CPU
		{5ECF9B24-1E8A-47E3-9C52-7EDA6345B562}.CI_CD|x64.Build.0 = Release|Any CPU
		{5ECF9B24-1E8A-47E3-9C52-7EDA6345B562}.CI_CD|x86.ActiveCfg = Release|Any CPU
		{5ECF9B24-1E8A-47E3-9C52-7EDA6345B562}.CI_CD|x86.Build.0 = Release|Any CPU
		{5ECF9B24-1E8A-47E3-9C52-7EDA6345B562}.Debug|Any CPU.ActiveCfg = Debug|Any CPU
		{5ECF9B24-1E8A-47E3-9C52-7EDA6345B562}.Debug|Any CPU.Build.0 = Debug|Any CPU
		{5ECF9B24-1E8A-47E3-9C52-7EDA6345B562}.Debug|x64.ActiveCfg = Debug|Any CPU
		{5ECF9B24-1E8A-47E3-9C52-7EDA6345B562}.Debug|x64.Build.0 = Debug|Any CPU
		{5ECF9B24-1E8A-47E3-9C52-7EDA6345B562}.Debug|x86.ActiveCfg = Debug|Any CPU
		{5ECF9B24-1E8A-47E3-9C52-7EDA6345B562}.Debug|x86.Build.0 = Debug|Any CPU
		{5ECF9B24-1E8A-47E3-9C52-7EDA6345B562}.Release|Any CPU.ActiveCfg = Release|Any CPU
		{5ECF9B24-1E8A-47E3-9C52-7EDA6345B562}.Release|Any CPU.Build.0 = Release|Any CPU
		{5ECF9B24-1E8A-47E3-9C52-7EDA6345B562}.Release|x64.ActiveCfg = Release|Any CPU
		{5ECF9B24-1E8A-47E3-9C52-7EDA6345B562}.Release|x64.Build.0 = Release|Any CPU
		{5ECF9B24-1E8A-47E3-9C52-7EDA6345B562}.Release|x86.ActiveCfg = Release|Any CPU
		{5ECF9B24-1E8A-47E3-9C52-7EDA6345B562}.Release|x86.Build.0 = Release|Any CPU
		{BE4A6343-F411-44A3-8D6F-F40747ED7BA5}.CI_CD|Any CPU.ActiveCfg = Debug|Any CPU
		{BE4A6343-F411-44A3-8D6F-F40747ED7BA5}.CI_CD|Any CPU.Build.0 = Debug|Any CPU
		{BE4A6343-F411-44A3-8D6F-F40747ED7BA5}.CI_CD|x64.ActiveCfg = Release|Any CPU
		{BE4A6343-F411-44A3-8D6F-F40747ED7BA5}.CI_CD|x64.Build.0 = Release|Any CPU
		{BE4A6343-F411-44A3-8D6F-F40747ED7BA5}.CI_CD|x86.ActiveCfg = Release|Any CPU
		{BE4A6343-F411-44A3-8D6F-F40747ED7BA5}.CI_CD|x86.Build.0 = Release|Any CPU
		{BE4A6343-F411-44A3-8D6F-F40747ED7BA5}.Debug|Any CPU.ActiveCfg = Debug|Any CPU
		{BE4A6343-F411-44A3-8D6F-F40747ED7BA5}.Debug|Any CPU.Build.0 = Debug|Any CPU
		{BE4A6343-F411-44A3-8D6F-F40747ED7BA5}.Debug|x64.ActiveCfg = Debug|Any CPU
		{BE4A6343-F411-44A3-8D6F-F40747ED7BA5}.Debug|x64.Build.0 = Debug|Any CPU
		{BE4A6343-F411-44A3-8D6F-F40747ED7BA5}.Debug|x86.ActiveCfg = Debug|Any CPU
		{BE4A6343-F411-44A3-8D6F-F40747ED7BA5}.Debug|x86.Build.0 = Debug|Any CPU
		{BE4A6343-F411-44A3-8D6F-F40747ED7BA5}.Release|Any CPU.ActiveCfg = Release|Any CPU
		{BE4A6343-F411-44A3-8D6F-F40747ED7BA5}.Release|Any CPU.Build.0 = Release|Any CPU
		{BE4A6343-F411-44A3-8D6F-F40747ED7BA5}.Release|x64.ActiveCfg = Release|Any CPU
		{BE4A6343-F411-44A3-8D6F-F40747ED7BA5}.Release|x64.Build.0 = Release|Any CPU
		{BE4A6343-F411-44A3-8D6F-F40747ED7BA5}.Release|x86.ActiveCfg = Release|Any CPU
		{BE4A6343-F411-44A3-8D6F-F40747ED7BA5}.Release|x86.Build.0 = Release|Any CPU
		{14DA1292-0D02-452E-9518-18496AB59231}.CI_CD|Any CPU.ActiveCfg = Debug|Any CPU
		{14DA1292-0D02-452E-9518-18496AB59231}.CI_CD|Any CPU.Build.0 = Debug|Any CPU
		{14DA1292-0D02-452E-9518-18496AB59231}.CI_CD|x64.ActiveCfg = Debug CI-CD|Any CPU
		{14DA1292-0D02-452E-9518-18496AB59231}.CI_CD|x64.Build.0 = Debug CI-CD|Any CPU
		{14DA1292-0D02-452E-9518-18496AB59231}.CI_CD|x86.ActiveCfg = Debug CI-CD|Any CPU
		{14DA1292-0D02-452E-9518-18496AB59231}.CI_CD|x86.Build.0 = Debug CI-CD|Any CPU
		{14DA1292-0D02-452E-9518-18496AB59231}.Debug|Any CPU.ActiveCfg = Debug|Any CPU
		{14DA1292-0D02-452E-9518-18496AB59231}.Debug|Any CPU.Build.0 = Debug|Any CPU
		{14DA1292-0D02-452E-9518-18496AB59231}.Debug|x64.ActiveCfg = Debug|Any CPU
		{14DA1292-0D02-452E-9518-18496AB59231}.Debug|x64.Build.0 = Debug|Any CPU
		{14DA1292-0D02-452E-9518-18496AB59231}.Debug|x86.ActiveCfg = Debug|Any CPU
		{14DA1292-0D02-452E-9518-18496AB59231}.Debug|x86.Build.0 = Debug|Any CPU
		{14DA1292-0D02-452E-9518-18496AB59231}.Release|Any CPU.ActiveCfg = Release|Any CPU
		{14DA1292-0D02-452E-9518-18496AB59231}.Release|Any CPU.Build.0 = Release|Any CPU
		{14DA1292-0D02-452E-9518-18496AB59231}.Release|x64.ActiveCfg = Release|Any CPU
		{14DA1292-0D02-452E-9518-18496AB59231}.Release|x64.Build.0 = Release|Any CPU
		{14DA1292-0D02-452E-9518-18496AB59231}.Release|x86.ActiveCfg = Release|Any CPU
		{14DA1292-0D02-452E-9518-18496AB59231}.Release|x86.Build.0 = Release|Any CPU
		{10E9FEF2-C5AD-4834-B0CA-5CA8F27023CD}.CI_CD|Any CPU.ActiveCfg = Debug|Any CPU
		{10E9FEF2-C5AD-4834-B0CA-5CA8F27023CD}.CI_CD|Any CPU.Build.0 = Debug|Any CPU
		{10E9FEF2-C5AD-4834-B0CA-5CA8F27023CD}.CI_CD|x64.ActiveCfg = Debug|Any CPU
		{10E9FEF2-C5AD-4834-B0CA-5CA8F27023CD}.CI_CD|x64.Build.0 = Debug|Any CPU
		{10E9FEF2-C5AD-4834-B0CA-5CA8F27023CD}.CI_CD|x86.ActiveCfg = Debug|Any CPU
		{10E9FEF2-C5AD-4834-B0CA-5CA8F27023CD}.CI_CD|x86.Build.0 = Debug|Any CPU
		{10E9FEF2-C5AD-4834-B0CA-5CA8F27023CD}.Debug|Any CPU.ActiveCfg = Debug|Any CPU
		{10E9FEF2-C5AD-4834-B0CA-5CA8F27023CD}.Debug|Any CPU.Build.0 = Debug|Any CPU
		{10E9FEF2-C5AD-4834-B0CA-5CA8F27023CD}.Debug|x64.ActiveCfg = Debug|Any CPU
		{10E9FEF2-C5AD-4834-B0CA-5CA8F27023CD}.Debug|x64.Build.0 = Debug|Any CPU
		{10E9FEF2-C5AD-4834-B0CA-5CA8F27023CD}.Debug|x86.ActiveCfg = Debug|Any CPU
		{10E9FEF2-C5AD-4834-B0CA-5CA8F27023CD}.Debug|x86.Build.0 = Debug|Any CPU
		{10E9FEF2-C5AD-4834-B0CA-5CA8F27023CD}.Release|Any CPU.ActiveCfg = Release|Any CPU
		{10E9FEF2-C5AD-4834-B0CA-5CA8F27023CD}.Release|Any CPU.Build.0 = Release|Any CPU
		{10E9FEF2-C5AD-4834-B0CA-5CA8F27023CD}.Release|x64.ActiveCfg = Release|Any CPU
		{10E9FEF2-C5AD-4834-B0CA-5CA8F27023CD}.Release|x64.Build.0 = Release|Any CPU
		{10E9FEF2-C5AD-4834-B0CA-5CA8F27023CD}.Release|x86.ActiveCfg = Release|Any CPU
		{10E9FEF2-C5AD-4834-B0CA-5CA8F27023CD}.Release|x86.Build.0 = Release|Any CPU
		{F8812B31-ADA2-4F8A-BABE-68D74A2FD857}.CI_CD|Any CPU.ActiveCfg = Debug|Any CPU
		{F8812B31-ADA2-4F8A-BABE-68D74A2FD857}.CI_CD|Any CPU.Build.0 = Debug|Any CPU
		{F8812B31-ADA2-4F8A-BABE-68D74A2FD857}.CI_CD|x64.ActiveCfg = Debug|Any CPU
		{F8812B31-ADA2-4F8A-BABE-68D74A2FD857}.CI_CD|x64.Build.0 = Debug|Any CPU
		{F8812B31-ADA2-4F8A-BABE-68D74A2FD857}.CI_CD|x86.ActiveCfg = Debug|Any CPU
		{F8812B31-ADA2-4F8A-BABE-68D74A2FD857}.CI_CD|x86.Build.0 = Debug|Any CPU
		{F8812B31-ADA2-4F8A-BABE-68D74A2FD857}.Debug|Any CPU.ActiveCfg = Debug|Any CPU
		{F8812B31-ADA2-4F8A-BABE-68D74A2FD857}.Debug|Any CPU.Build.0 = Debug|Any CPU
		{F8812B31-ADA2-4F8A-BABE-68D74A2FD857}.Debug|x64.ActiveCfg = Debug|Any CPU
		{F8812B31-ADA2-4F8A-BABE-68D74A2FD857}.Debug|x64.Build.0 = Debug|Any CPU
		{F8812B31-ADA2-4F8A-BABE-68D74A2FD857}.Debug|x86.ActiveCfg = Debug|Any CPU
		{F8812B31-ADA2-4F8A-BABE-68D74A2FD857}.Debug|x86.Build.0 = Debug|Any CPU
		{F8812B31-ADA2-4F8A-BABE-68D74A2FD857}.Release|Any CPU.ActiveCfg = Release|Any CPU
		{F8812B31-ADA2-4F8A-BABE-68D74A2FD857}.Release|Any CPU.Build.0 = Release|Any CPU
		{F8812B31-ADA2-4F8A-BABE-68D74A2FD857}.Release|x64.ActiveCfg = Release|Any CPU
		{F8812B31-ADA2-4F8A-BABE-68D74A2FD857}.Release|x64.Build.0 = Release|Any CPU
		{F8812B31-ADA2-4F8A-BABE-68D74A2FD857}.Release|x86.ActiveCfg = Release|Any CPU
		{F8812B31-ADA2-4F8A-BABE-68D74A2FD857}.Release|x86.Build.0 = Release|Any CPU
		{C22C6695-AE00-4325-ACB7-07A9997197F7}.CI_CD|Any CPU.ActiveCfg = Debug|Any CPU
		{C22C6695-AE00-4325-ACB7-07A9997197F7}.CI_CD|Any CPU.Build.0 = Debug|Any CPU
		{C22C6695-AE00-4325-ACB7-07A9997197F7}.CI_CD|x64.ActiveCfg = Debug|Any CPU
		{C22C6695-AE00-4325-ACB7-07A9997197F7}.CI_CD|x64.Build.0 = Debug|Any CPU
		{C22C6695-AE00-4325-ACB7-07A9997197F7}.CI_CD|x86.ActiveCfg = Debug|Any CPU
		{C22C6695-AE00-4325-ACB7-07A9997197F7}.CI_CD|x86.Build.0 = Debug|Any CPU
		{C22C6695-AE00-4325-ACB7-07A9997197F7}.Debug|Any CPU.ActiveCfg = Debug|Any CPU
		{C22C6695-AE00-4325-ACB7-07A9997197F7}.Debug|Any CPU.Build.0 = Debug|Any CPU
		{C22C6695-AE00-4325-ACB7-07A9997197F7}.Debug|x64.ActiveCfg = Debug|Any CPU
		{C22C6695-AE00-4325-ACB7-07A9997197F7}.Debug|x64.Build.0 = Debug|Any CPU
		{C22C6695-AE00-4325-ACB7-07A9997197F7}.Debug|x86.ActiveCfg = Debug|Any CPU
		{C22C6695-AE00-4325-ACB7-07A9997197F7}.Debug|x86.Build.0 = Debug|Any CPU
		{C22C6695-AE00-4325-ACB7-07A9997197F7}.Release|Any CPU.ActiveCfg = Release|Any CPU
		{C22C6695-AE00-4325-ACB7-07A9997197F7}.Release|Any CPU.Build.0 = Release|Any CPU
		{C22C6695-AE00-4325-ACB7-07A9997197F7}.Release|x64.ActiveCfg = Release|Any CPU
		{C22C6695-AE00-4325-ACB7-07A9997197F7}.Release|x64.Build.0 = Release|Any CPU
		{C22C6695-AE00-4325-ACB7-07A9997197F7}.Release|x86.ActiveCfg = Release|Any CPU
		{C22C6695-AE00-4325-ACB7-07A9997197F7}.Release|x86.Build.0 = Release|Any CPU
		{FE45F938-6967-4F84-832B-236D62306EBF}.CI_CD|Any CPU.ActiveCfg = Debug|Any CPU
		{FE45F938-6967-4F84-832B-236D62306EBF}.CI_CD|Any CPU.Build.0 = Debug|Any CPU
		{FE45F938-6967-4F84-832B-236D62306EBF}.CI_CD|x64.ActiveCfg = Debug|Any CPU
		{FE45F938-6967-4F84-832B-236D62306EBF}.CI_CD|x64.Build.0 = Debug|Any CPU
		{FE45F938-6967-4F84-832B-236D62306EBF}.CI_CD|x86.ActiveCfg = Debug|Any CPU
		{FE45F938-6967-4F84-832B-236D62306EBF}.CI_CD|x86.Build.0 = Debug|Any CPU
		{FE45F938-6967-4F84-832B-236D62306EBF}.Debug|Any CPU.ActiveCfg = Debug|Any CPU
		{FE45F938-6967-4F84-832B-236D62306EBF}.Debug|Any CPU.Build.0 = Debug|Any CPU
		{FE45F938-6967-4F84-832B-236D62306EBF}.Debug|x64.ActiveCfg = Debug|Any CPU
		{FE45F938-6967-4F84-832B-236D62306EBF}.Debug|x64.Build.0 = Debug|Any CPU
		{FE45F938-6967-4F84-832B-236D62306EBF}.Debug|x86.ActiveCfg = Debug|Any CPU
		{FE45F938-6967-4F84-832B-236D62306EBF}.Debug|x86.Build.0 = Debug|Any CPU
		{FE45F938-6967-4F84-832B-236D62306EBF}.Release|Any CPU.ActiveCfg = Release|Any CPU
		{FE45F938-6967-4F84-832B-236D62306EBF}.Release|Any CPU.Build.0 = Release|Any CPU
		{FE45F938-6967-4F84-832B-236D62306EBF}.Release|x64.ActiveCfg = Release|Any CPU
		{FE45F938-6967-4F84-832B-236D62306EBF}.Release|x64.Build.0 = Release|Any CPU
		{FE45F938-6967-4F84-832B-236D62306EBF}.Release|x86.ActiveCfg = Release|Any CPU
		{FE45F938-6967-4F84-832B-236D62306EBF}.Release|x86.Build.0 = Release|Any CPU
		{69F872DA-F9B6-49E2-B0A6-540446E3B0B0}.CI_CD|Any CPU.ActiveCfg = Debug|Any CPU
		{69F872DA-F9B6-49E2-B0A6-540446E3B0B0}.CI_CD|Any CPU.Build.0 = Debug|Any CPU
		{69F872DA-F9B6-49E2-B0A6-540446E3B0B0}.CI_CD|x64.ActiveCfg = Debug|Any CPU
		{69F872DA-F9B6-49E2-B0A6-540446E3B0B0}.CI_CD|x64.Build.0 = Debug|Any CPU
		{69F872DA-F9B6-49E2-B0A6-540446E3B0B0}.CI_CD|x86.ActiveCfg = Debug|Any CPU
		{69F872DA-F9B6-49E2-B0A6-540446E3B0B0}.CI_CD|x86.Build.0 = Debug|Any CPU
		{69F872DA-F9B6-49E2-B0A6-540446E3B0B0}.Debug|Any CPU.ActiveCfg = Debug|Any CPU
		{69F872DA-F9B6-49E2-B0A6-540446E3B0B0}.Debug|Any CPU.Build.0 = Debug|Any CPU
		{69F872DA-F9B6-49E2-B0A6-540446E3B0B0}.Debug|x64.ActiveCfg = Debug|Any CPU
		{69F872DA-F9B6-49E2-B0A6-540446E3B0B0}.Debug|x64.Build.0 = Debug|Any CPU
		{69F872DA-F9B6-49E2-B0A6-540446E3B0B0}.Debug|x86.ActiveCfg = Debug|Any CPU
		{69F872DA-F9B6-49E2-B0A6-540446E3B0B0}.Debug|x86.Build.0 = Debug|Any CPU
		{69F872DA-F9B6-49E2-B0A6-540446E3B0B0}.Release|Any CPU.ActiveCfg = Release|Any CPU
		{69F872DA-F9B6-49E2-B0A6-540446E3B0B0}.Release|Any CPU.Build.0 = Release|Any CPU
		{69F872DA-F9B6-49E2-B0A6-540446E3B0B0}.Release|x64.ActiveCfg = Release|Any CPU
		{69F872DA-F9B6-49E2-B0A6-540446E3B0B0}.Release|x64.Build.0 = Release|Any CPU
		{69F872DA-F9B6-49E2-B0A6-540446E3B0B0}.Release|x86.ActiveCfg = Release|Any CPU
		{69F872DA-F9B6-49E2-B0A6-540446E3B0B0}.Release|x86.Build.0 = Release|Any CPU
		{EDC2CFFA-E52A-4B0E-822D-B9E47F56F327}.CI_CD|Any CPU.ActiveCfg = Debug|Any CPU
		{EDC2CFFA-E52A-4B0E-822D-B9E47F56F327}.CI_CD|Any CPU.Build.0 = Debug|Any CPU
		{EDC2CFFA-E52A-4B0E-822D-B9E47F56F327}.CI_CD|x64.ActiveCfg = Debug|Any CPU
		{EDC2CFFA-E52A-4B0E-822D-B9E47F56F327}.CI_CD|x64.Build.0 = Debug|Any CPU
		{EDC2CFFA-E52A-4B0E-822D-B9E47F56F327}.CI_CD|x86.ActiveCfg = Debug|Any CPU
		{EDC2CFFA-E52A-4B0E-822D-B9E47F56F327}.CI_CD|x86.Build.0 = Debug|Any CPU
		{EDC2CFFA-E52A-4B0E-822D-B9E47F56F327}.Debug|Any CPU.ActiveCfg = Debug|Any CPU
		{EDC2CFFA-E52A-4B0E-822D-B9E47F56F327}.Debug|Any CPU.Build.0 = Debug|Any CPU
		{EDC2CFFA-E52A-4B0E-822D-B9E47F56F327}.Debug|x64.ActiveCfg = Debug|Any CPU
		{EDC2CFFA-E52A-4B0E-822D-B9E47F56F327}.Debug|x64.Build.0 = Debug|Any CPU
		{EDC2CFFA-E52A-4B0E-822D-B9E47F56F327}.Debug|x86.ActiveCfg = Debug|Any CPU
		{EDC2CFFA-E52A-4B0E-822D-B9E47F56F327}.Debug|x86.Build.0 = Debug|Any CPU
		{EDC2CFFA-E52A-4B0E-822D-B9E47F56F327}.Release|Any CPU.ActiveCfg = Release|Any CPU
		{EDC2CFFA-E52A-4B0E-822D-B9E47F56F327}.Release|Any CPU.Build.0 = Release|Any CPU
		{EDC2CFFA-E52A-4B0E-822D-B9E47F56F327}.Release|x64.ActiveCfg = Release|Any CPU
		{EDC2CFFA-E52A-4B0E-822D-B9E47F56F327}.Release|x64.Build.0 = Release|Any CPU
		{EDC2CFFA-E52A-4B0E-822D-B9E47F56F327}.Release|x86.ActiveCfg = Release|Any CPU
		{EDC2CFFA-E52A-4B0E-822D-B9E47F56F327}.Release|x86.Build.0 = Release|Any CPU
		{8D586DA6-16DC-45DA-B317-837843168AB3}.CI_CD|Any CPU.ActiveCfg = Debug|Any CPU
		{8D586DA6-16DC-45DA-B317-837843168AB3}.CI_CD|Any CPU.Build.0 = Debug|Any CPU
		{8D586DA6-16DC-45DA-B317-837843168AB3}.CI_CD|x64.ActiveCfg = Debug|Any CPU
		{8D586DA6-16DC-45DA-B317-837843168AB3}.CI_CD|x64.Build.0 = Debug|Any CPU
		{8D586DA6-16DC-45DA-B317-837843168AB3}.CI_CD|x86.ActiveCfg = Debug|Any CPU
		{8D586DA6-16DC-45DA-B317-837843168AB3}.CI_CD|x86.Build.0 = Debug|Any CPU
		{8D586DA6-16DC-45DA-B317-837843168AB3}.Debug|Any CPU.ActiveCfg = Debug|Any CPU
		{8D586DA6-16DC-45DA-B317-837843168AB3}.Debug|Any CPU.Build.0 = Debug|Any CPU
		{8D586DA6-16DC-45DA-B317-837843168AB3}.Debug|x64.ActiveCfg = Debug|Any CPU
		{8D586DA6-16DC-45DA-B317-837843168AB3}.Debug|x64.Build.0 = Debug|Any CPU
		{8D586DA6-16DC-45DA-B317-837843168AB3}.Debug|x86.ActiveCfg = Debug|Any CPU
		{8D586DA6-16DC-45DA-B317-837843168AB3}.Debug|x86.Build.0 = Debug|Any CPU
		{8D586DA6-16DC-45DA-B317-837843168AB3}.Release|Any CPU.ActiveCfg = Release|Any CPU
		{8D586DA6-16DC-45DA-B317-837843168AB3}.Release|Any CPU.Build.0 = Release|Any CPU
		{8D586DA6-16DC-45DA-B317-837843168AB3}.Release|x64.ActiveCfg = Release|Any CPU
		{8D586DA6-16DC-45DA-B317-837843168AB3}.Release|x64.Build.0 = Release|Any CPU
		{8D586DA6-16DC-45DA-B317-837843168AB3}.Release|x86.ActiveCfg = Release|Any CPU
		{8D586DA6-16DC-45DA-B317-837843168AB3}.Release|x86.Build.0 = Release|Any CPU
		{D90332E5-DD87-4370-830E-EB86272D9EF0}.CI_CD|Any CPU.ActiveCfg = CI_CD|Any CPU
		{D90332E5-DD87-4370-830E-EB86272D9EF0}.CI_CD|Any CPU.Build.0 = CI_CD|Any CPU
		{D90332E5-DD87-4370-830E-EB86272D9EF0}.CI_CD|x64.ActiveCfg = Debug|Any CPU
		{D90332E5-DD87-4370-830E-EB86272D9EF0}.CI_CD|x64.Build.0 = Debug|Any CPU
		{D90332E5-DD87-4370-830E-EB86272D9EF0}.CI_CD|x86.ActiveCfg = Debug|Any CPU
		{D90332E5-DD87-4370-830E-EB86272D9EF0}.CI_CD|x86.Build.0 = Debug|Any CPU
		{D90332E5-DD87-4370-830E-EB86272D9EF0}.Debug|Any CPU.ActiveCfg = Debug|Any CPU
		{D90332E5-DD87-4370-830E-EB86272D9EF0}.Debug|Any CPU.Build.0 = Debug|Any CPU
		{D90332E5-DD87-4370-830E-EB86272D9EF0}.Debug|x64.ActiveCfg = Debug|Any CPU
		{D90332E5-DD87-4370-830E-EB86272D9EF0}.Debug|x64.Build.0 = Debug|Any CPU
		{D90332E5-DD87-4370-830E-EB86272D9EF0}.Debug|x86.ActiveCfg = Debug|Any CPU
		{D90332E5-DD87-4370-830E-EB86272D9EF0}.Debug|x86.Build.0 = Debug|Any CPU
		{D90332E5-DD87-4370-830E-EB86272D9EF0}.Release|Any CPU.ActiveCfg = Release|Any CPU
		{D90332E5-DD87-4370-830E-EB86272D9EF0}.Release|Any CPU.Build.0 = Release|Any CPU
		{D90332E5-DD87-4370-830E-EB86272D9EF0}.Release|x64.ActiveCfg = Release|Any CPU
		{D90332E5-DD87-4370-830E-EB86272D9EF0}.Release|x64.Build.0 = Release|Any CPU
		{D90332E5-DD87-4370-830E-EB86272D9EF0}.Release|x86.ActiveCfg = Release|Any CPU
		{D90332E5-DD87-4370-830E-EB86272D9EF0}.Release|x86.Build.0 = Release|Any CPU
		{CDC856C0-C4DA-4E02-B8ED-F3A2D37FEFF0}.CI_CD|Any CPU.ActiveCfg = Debug|Any CPU
		{CDC856C0-C4DA-4E02-B8ED-F3A2D37FEFF0}.CI_CD|Any CPU.Build.0 = Debug|Any CPU
		{CDC856C0-C4DA-4E02-B8ED-F3A2D37FEFF0}.CI_CD|x64.ActiveCfg = Debug|Any CPU
		{CDC856C0-C4DA-4E02-B8ED-F3A2D37FEFF0}.CI_CD|x64.Build.0 = Debug|Any CPU
		{CDC856C0-C4DA-4E02-B8ED-F3A2D37FEFF0}.CI_CD|x86.ActiveCfg = Debug|Any CPU
		{CDC856C0-C4DA-4E02-B8ED-F3A2D37FEFF0}.CI_CD|x86.Build.0 = Debug|Any CPU
		{CDC856C0-C4DA-4E02-B8ED-F3A2D37FEFF0}.Debug|Any CPU.ActiveCfg = Debug|Any CPU
		{CDC856C0-C4DA-4E02-B8ED-F3A2D37FEFF0}.Debug|Any CPU.Build.0 = Debug|Any CPU
		{CDC856C0-C4DA-4E02-B8ED-F3A2D37FEFF0}.Debug|x64.ActiveCfg = Debug|Any CPU
		{CDC856C0-C4DA-4E02-B8ED-F3A2D37FEFF0}.Debug|x64.Build.0 = Debug|Any CPU
		{CDC856C0-C4DA-4E02-B8ED-F3A2D37FEFF0}.Debug|x86.ActiveCfg = Debug|Any CPU
		{CDC856C0-C4DA-4E02-B8ED-F3A2D37FEFF0}.Debug|x86.Build.0 = Debug|Any CPU
		{CDC856C0-C4DA-4E02-B8ED-F3A2D37FEFF0}.Release|Any CPU.ActiveCfg = Release|Any CPU
		{CDC856C0-C4DA-4E02-B8ED-F3A2D37FEFF0}.Release|Any CPU.Build.0 = Release|Any CPU
		{CDC856C0-C4DA-4E02-B8ED-F3A2D37FEFF0}.Release|x64.ActiveCfg = Release|Any CPU
		{CDC856C0-C4DA-4E02-B8ED-F3A2D37FEFF0}.Release|x64.Build.0 = Release|Any CPU
		{CDC856C0-C4DA-4E02-B8ED-F3A2D37FEFF0}.Release|x86.ActiveCfg = Release|Any CPU
		{CDC856C0-C4DA-4E02-B8ED-F3A2D37FEFF0}.Release|x86.Build.0 = Release|Any CPU
	EndGlobalSection
	GlobalSection(SolutionProperties) = preSolution
		HideSolutionNode = FALSE
	EndGlobalSection
	GlobalSection(ExtensibilityGlobals) = postSolution
		SolutionGuid = {E018E572-E8B1-4F21-AD3C-37563BFE0675}
	EndGlobalSection
EndGlobal
